
Microsoft Visual Studio Solution File, Format Version 11.00
# Visual Studio 2010
Project("{8BC9CEB8-8B4A-11D0-8D11-00A0C91BC942}") = "Oscilloscope", "Oscilloscope\Oscilloscope.vcxproj", "{AE9B8D32-347E-4BE8-844A-D0A54F06AB91}"
EndProject
Global
	GlobalSection(SolutionConfigurationPlatforms) = preSolution
		Debug|Win32 = Debug|Win32
		Release|Win32 = Release|Win32
	EndGlobalSection
	GlobalSection(ProjectConfigurationPlatforms) = postSolution
		{AE9B8D32-347E-4BE8-844A-D0A54F06AB91}.Debug|Win32.ActiveCfg = Debug|Win32
		{AE9B8D32-347E-4BE8-844A-D0A54F06AB91}.Debug|Win32.Build.0 = Debug|Win32
		{AE9B8D32-347E-4BE8-844A-D0A54F06AB91}.Release|Win32.ActiveCfg = Release|Win32
		{AE9B8D32-347E-4BE8-844A-D0A54F06AB91}.Release|Win32.Build.0 = Release|Win32
	EndGlobalSection
	GlobalSection(SolutionProperties) = preSolution
		HideSolutionNode = FALSE
	EndGlobalSection
EndGlobal
